
Microsoft Visual Studio Solution File, Format Version 12.00
# Visual Studio Version 17
VisualStudioVersion = 17.6.33712.159
MinimumVisualStudioVersion = 10.0.40219.1
Project("{9A19103F-16F7-4668-BE54-9A1E7A4F7556}") = "TestProject", "TestProject\TestProject.csproj", "{59C6B271-F556-4BFD-AD70-1622FFFC3B21}"
EndProject
Project("{FAE04EC0-301F-11D3-BF4B-00C04F79EFBC}") = "UnitTests.Tests", "UnitTests.Tests\UnitTests.Tests.csproj", "{694C0916-BC11-468A-BC44-E67B63A04C4E}"
EndProject
Global
	GlobalSection(SolutionConfigurationPlatforms) = preSolution
		Debug|Any CPU = Debug|Any CPU
		Release|Any CPU = Release|Any CPU
	EndGlobalSection
	GlobalSection(ProjectConfigurationPlatforms) = postSolution
		{59C6B271-F556-4BFD-AD70-1622FFFC3B21}.Debug|Any CPU.ActiveCfg = Debug|Any CPU
		{59C6B271-F556-4BFD-AD70-1622FFFC3B21}.Debug|Any CPU.Build.0 = Debug|Any CPU
		{59C6B271-F556-4BFD-AD70-1622FFFC3B21}.Release|Any CPU.ActiveCfg = Release|Any CPU
		{59C6B271-F556-4BFD-AD70-1622FFFC3B21}.Release|Any CPU.Build.0 = Release|Any CPU
		{694C0916-BC11-468A-BC44-E67B63A04C4E}.Debug|Any CPU.ActiveCfg = Debug|Any CPU
		{694C0916-BC11-468A-BC44-E67B63A04C4E}.Debug|Any CPU.Build.0 = Debug|Any CPU
		{694C0916-BC11-468A-BC44-E67B63A04C4E}.Release|Any CPU.ActiveCfg = Release|Any CPU
		{694C0916-BC11-468A-BC44-E67B63A04C4E}.Release|Any CPU.Build.0 = Release|Any CPU
	EndGlobalSection
	GlobalSection(SolutionProperties) = preSolution
		HideSolutionNode = FALSE
	EndGlobalSection
	GlobalSection(ExtensibilityGlobals) = postSolution
		SolutionGuid = {98A4E824-B93C-46F9-AAAE-99EEB6638C51}
	EndGlobalSection
EndGlobal
